{
    "_readme": [
        "This file locks the dependencies of your project to a known state",
        "Read more about it at http://getcomposer.org/doc/01-basic-usage.md#composer-lock-the-lock-file",
        "This file is @generated automatically"
    ],
    "hash": "32dfe177b8f812d547cdee2004add1ae",
    "packages": [
        {
            "name": "bolt/bootstrap-carousel",
            "version": "v2.0.0",
            "source": {
                "type": "git",
                "url": "https://github.com/GawainLynch/bolt-extension-bootstrap-carousel.git",
                "reference": "5e4a9eb243ce09868f7bde6b88914bea09c86271"
            },
            "dist": {
                "type": "zip",
                "url": "https://api.github.com/repos/GawainLynch/bolt-extension-bootstrap-carousel/zipball/5e4a9eb243ce09868f7bde6b88914bea09c86271",
                "reference": "5e4a9eb243ce09868f7bde6b88914bea09c86271",
                "shasum": ""
            },
            "require": {
                "bolt/bolt": ">=2.0.0,<3.0.0"
            },
            "type": "bolt-extension",
            "autoload": {
                "files": [
                    "init.php"
                ],
                "psr-4": {
                    "Bolt\\Extension\\Bolt\\BootstrapCarousel\\": ""
                }
            },
            "license": [
                "GPL-3.0+"
            ],
            "authors": [
                {
                    "name": "Gawain Lynch",
                    "email": "gawain.lynch@gmail.com"
                }
            ],
            "description": "An extension to display a Bootstrap Carousel from a Bolt contenttype record",
            "keywords": [
                "Bootstrap",
                "carousel",
                "slider"
            ],
            "support": {
                "source": "https://github.com/GawainLynch/bolt-extension-bootstrap-carousel/tree/v2.0.0",
                "issues": "https://github.com/GawainLynch/bolt-extension-bootstrap-carousel/issues"
            },
            "time": "2015-03-20 07:58:46"
        },
        {
            "name": "gregbiv/bolt-extension-revolution-slider",
            "version": "dev-master",
            "source": {
                "type": "git",
                "url": "https://github.com/gregbiv/bolt-extension-revolution-slider.git",
                "reference": "112891cfb4235299fff052da168072010b61af63"
            },
            "dist": {
                "type": "zip",
                "url": "https://api.github.com/repos/gregbiv/bolt-extension-revolution-slider/zipball/112891cfb4235299fff052da168072010b61af63",
                "reference": "112891cfb4235299fff052da168072010b61af63",
                "shasum": ""
            },
            "require": {
                "bolt/bolt": ">=2.0.0,<3.0.0"
            },
            "type": "bolt-extension",
            "autoload": {
                "files": [
                    "init.php"
                ],
                "psr-4": {
                    "Bolt\\Extension\\Bolt\\RevolutionSlider\\": ""
                }
            },
            "license": [
                "GPL-3.0+"
            ],
            "authors": [
                {
                    "name": "Gregory Kornienko",
                    "email": "gregbiv@gmail.com"
                }
            ],
            "description": "Slider Revolution is an all-purpose slide displaying solution that allows for showing almost any kind of content with highly customizable, transitions, effects and custom animations. Due to its visual oriented interface and countless options, Slider Revolution is suited for beginners and pro’s alike!",
            "keywords": [
                "Themepunch",
                "revolution",
                "slider"
            ],
            "support": {
                "source": "https://github.com/gregbiv/bolt-extension-revolution-slider/tree/master",
                "issues": "https://github.com/gregbiv/bolt-extension-revolution-slider/issues"
            },
            "time": "2014-11-26 12:02:40"
        },
        {
            "name": "xiaohutai/bolt-theme-html5up-twenty",
            "version": "0.2",
            "source": {
                "type": "git",
                "url": "https://github.com/xiaohutai/bolt-theme-html5up-twenty.git",
                "reference": "79781d6694cc81b4645481203ea0e6bc559cdf73"
            },
            "dist": {
                "type": "zip",
                "url": "https://api.github.com/repos/xiaohutai/bolt-theme-html5up-twenty/zipball/79781d6694cc81b4645481203ea0e6bc559cdf73",
                "reference": "79781d6694cc81b4645481203ea0e6bc559cdf73",
                "shasum": ""
            },
            "require": {
                "bolt/bolt": ">=2.0.0,<3.0.0"
            },
            "type": "bolt-theme",
            "extra": {
                "bolt-screenshots": [
                    "preview.png"
                ]
            },
            "license": [
                "MIT"
            ],
            "authors": [
                {
                    "name": "Xiao-Hu Tai",
                    "email": "xiao@twokings.nl"
                }
            ],
            "description": "Twenty by HTML5 UP adapted for Bolt",
            "keywords": [
                "html5UP",
                "theme",
                "twenty"
            ],
            "support": {
                "source": "https://github.com/xiaohutai/bolt-theme-html5up-twenty/tree/0.2",
                "issues": "https://github.com/xiaohutai/bolt-theme-html5up-twenty/issues"
            },
            "time": "2014-10-24 08:02:35"
        }
    ],
    "packages-dev": [],
    "aliases": [],
    "minimum-stability": "stable",
    "stability-flags": {
        "gregbiv/bolt-extension-revolution-slider": 20
    },
    "prefer-stable": true,
    "prefer-lowest": false,
    "platform": [],
    "platform-dev": []
}
